// !$*UTF8*$!
{
	archiveVersion = 1;
	classes = {
	};
	objectVersion = 46;
	objects = {

/* Begin PBXBuildFile section */
		4921F7C41AD61C870019ECF0 /* main.m in Sources */ = {isa = PBXBuildFile; fileRef = 4921F7C31AD61C870019ECF0 /* main.m */; };
		4921F7C71AD61C870019ECF0 /* AppDelegate.m in Sources */ = {isa = PBXBuildFile; fileRef = 4921F7C61AD61C870019ECF0 /* AppDelegate.m */; };
		4921F7CA1AD61C870019ECF0 /* FirstViewController.m in Sources */ = {isa = PBXBuildFile; fileRef = 4921F7C91AD61C870019ECF0 /* FirstViewController.m */; };
		4921F7CD1AD61C870019ECF0 /* SecondViewController.m in Sources */ = {isa = PBXBuildFile; fileRef = 4921F7CC1AD61C870019ECF0 /* SecondViewController.m */; };
		4921F7D01AD61C870019ECF0 /* Main.storyboard in Resources */ = {isa = PBXBuildFile; fileRef = 4921F7CE1AD61C870019ECF0 /* Main.storyboard */; };
		4921F7D21AD61C870019ECF0 /* Images.xcassets in Resources */ = {isa = PBXBuildFile; fileRef = 4921F7D11AD61C870019ECF0 /* Images.xcassets */; };
		4921F7D51AD61C870019ECF0 /* LaunchScreen.xib in Resources */ = {isa = PBXBuildFile; fileRef = 4921F7D31AD61C870019ECF0 /* LaunchScreen.xib */; };
		4921F7E11AD61C870019ECF0 /* TWSLunchTests.m in Sources */ = {isa = PBXBuildFile; fileRef = 4921F7E01AD61C870019ECF0 /* TWSLunchTests.m */; };
/* End PBXBuildFile section */

/* Begin PBXContainerItemProxy section */
		4921F7DB1AD61C870019ECF0 /* PBXContainerItemProxy */ = {
			isa = PBXContainerItemProxy;
			containerPortal = 4921F7B61AD61C870019ECF0 /* Project object */;
			proxyType = 1;
			remoteGlobalIDString = 4921F7BD1AD61C870019ECF0;
			remoteInfo = TWSLunch;
		};
/* End PBXContainerItemProxy section */

/* Begin PBXFileReference section */
		4921F7BE1AD61C870019ECF0 /* TWSLunch.app */ = {isa = PBXFileReference; explicitFileType = wrapper.application; includeInIndex = 0; path = TWSLunch.app; sourceTree = BUILT_PRODUCTS_DIR; };
		4921F7C21AD61C870019ECF0 /* Info.plist */ = {isa = PBXFileReference; lastKnownFileType = text.plist.xml; path = Info.plist; sourceTree = "<group>"; };
		4921F7C31AD61C870019ECF0 /* main.m */ = {isa = PBXFileReference; lastKnownFileType = sourcecode.c.objc; path = main.m; sourceTree = "<group>"; };
		4921F7C51AD61C870019ECF0 /* AppDelegate.h */ = {isa = PBXFileReference; lastKnownFileType = sourcecode.c.h; path = AppDelegate.h; sourceTree = "<group>"; };
		4921F7C61AD61C870019ECF0 /* AppDelegate.m */ = {isa = PBXFileReference; lastKnownFileType = sourcecode.c.objc; path = AppDelegate.m; sourceTree = "<group>"; };
		4921F7C81AD61C870019ECF0 /* FirstViewController.h */ = {isa = PBXFileReference; lastKnownFileType = sourcecode.c.h; path = FirstViewController.h; sourceTree = "<group>"; };
		4921F7C91AD61C870019ECF0 /* FirstViewController.m */ = {isa = PBXFileReference; lastKnownFileType = sourcecode.c.objc; path = FirstViewController.m; sourceTree = "<group>"; };
		4921F7CB1AD61C870019ECF0 /* SecondViewController.h */ = {isa = PBXFileReference; lastKnownFileType = sourcecode.c.h; path = SecondViewController.h; sourceTree = "<group>"; };
		4921F7CC1AD61C870019ECF0 /* SecondViewController.m */ = {isa = PBXFileReference; lastKnownFileType = sourcecode.c.objc; path = SecondViewController.m; sourceTree = "<group>"; };
		4921F7CF1AD61C870019ECF0 /* Base */ = {isa = PBXFileReference; lastKnownFileType = file.storyboard; name = Base; path = Base.lproj/Main.storyboard; sourceTree = "<group>"; };
		4921F7D11AD61C870019ECF0 /* Images.xcassets */ = {isa = PBXFileReference; lastKnownFileType = folder.assetcatalog; path = Images.xcassets; sourceTree = "<group>"; };
		4921F7D41AD61C870019ECF0 /* Base */ = {isa = PBXFileReference; lastKnownFileType = file.xib; name = Base; path = Base.lproj/LaunchScreen.xib; sourceTree = "<group>"; };
		4921F7DA1AD61C870019ECF0 /* TWSLunchTests.xctest */ = {isa = PBXFileReference; explicitFileType = wrapper.cfbundle; includeInIndex = 0; path = TWSLunchTests.xctest; sourceTree = BUILT_PRODUCTS_DIR; };
		4921F7DF1AD61C870019ECF0 /* Info.plist */ = {isa = PBXFileReference; lastKnownFileType = text.plist.xml; path = Info.plist; sourceTree = "<group>"; };
		4921F7E01AD61C870019ECF0 /* TWSLunchTests.m */ = {isa = PBXFileReference; lastKnownFileType = sourcecode.c.objc; path = TWSLunchTests.m; sourceTree = "<group>"; };
/* End PBXFileReference section */

/* Begin PBXFrameworksBuildPhase section */
		4921F7BB1AD61C870019ECF0 /* Frameworks */ = {
			isa = PBXFrameworksBuildPhase;
			buildActionMask = 2147483647;
			files = (
			);
			runOnlyForDeploymentPostprocessing = 0;
		};
		4921F7D71AD61C870019ECF0 /* Frameworks */ = {
			isa = PBXFrameworksBuildPhase;
			buildActionMask = 2147483647;
			files = (
			);
			runOnlyForDeploymentPostprocessing = 0;
		};
/* End PBXFrameworksBuildPhase section */

/* Begin PBXGroup section */
		4921F7B51AD61C870019ECF0 = {
			isa = PBXGroup;
			children = (
				4921F7C01AD61C870019ECF0 /* TWSLunch */,
				4921F7DD1AD61C870019ECF0 /* TWSLunchTests */,
				4921F7BF1AD61C870019ECF0 /* Products */,
			);
			sourceTree = "<group>";
		};
		4921F7BF1AD61C870019ECF0 /* Products */ = {
			isa = PBXGroup;
			children = (
				4921F7BE1AD61C870019ECF0 /* TWSLunch.app */,
				4921F7DA1AD61C870019ECF0 /* TWSLunchTests.xctest */,
			);
			name = Products;
			sourceTree = "<group>";
		};
		4921F7C01AD61C870019ECF0 /* TWSLunch */ = {
			isa = PBXGroup;
			children = (
				4921F7C51AD61C870019ECF0 /* AppDelegate.h */,
				4921F7C61AD61C870019ECF0 /* AppDelegate.m */,
				4921F7C81AD61C870019ECF0 /* FirstViewController.h */,
				4921F7C91AD61C870019ECF0 /* FirstViewController.m */,
				4921F7CB1AD61C870019ECF0 /* SecondViewController.h */,
				4921F7CC1AD61C870019ECF0 /* SecondViewController.m */,
				4921F7CE1AD61C870019ECF0 /* Main.storyboard */,
				4921F7D11AD61C870019ECF0 /* Images.xcassets */,
				4921F7D31AD61C870019ECF0 /* LaunchScreen.xib */,
				4921F7C11AD61C870019ECF0 /* Supporting Files */,
			);
			path = TWSLunch;
			sourceTree = "<group>";
		};
		4921F7C11AD61C870019ECF0 /* Supporting Files */ = {
			isa = PBXGroup;
			children = (
				4921F7C21AD61C870019ECF0 /* Info.plist */,
				4921F7C31AD61C870019ECF0 /* main.m */,
			);
			name = "Supporting Files";
			sourceTree = "<group>";
		};
		4921F7DD1AD61C870019ECF0 /* TWSLunchTests */ = {
			isa = PBXGroup;
			children = (
				4921F7E01AD61C870019ECF0 /* TWSLunchTests.m */,
				4921F7DE1AD61C870019ECF0 /* Supporting Files */,
			);
			path = TWSLunchTests;
			sourceTree = "<group>";
		};
		4921F7DE1AD61C870019ECF0 /* Supporting Files */ = {
			isa = PBXGroup;
			children = (
				4921F7DF1AD61C870019ECF0 /* Info.plist */,
			);
			name = "Supporting Files";
			sourceTree = "<group>";
		};
/* End PBXGroup section */

/* Begin PBXNativeTarget section */
		4921F7BD1AD61C870019ECF0 /* TWSLunch */ = {
			isa = PBXNativeTarget;
			buildConfigurationList = 4921F7E41AD61C870019ECF0 /* Build configuration list for PBXNativeTarget "TWSLunch" */;
			buildPhases = (
				4921F7BA1AD61C870019ECF0 /* Sources */,
				4921F7BB1AD61C870019ECF0 /* Frameworks */,
				4921F7BC1AD61C870019ECF0 /* Resources */,
			);
			buildRules = (
			);
			dependencies = (
			);
			name = TWSLunch;
			productName = TWSLunch;
			productReference = 4921F7BE1AD61C870019ECF0 /* TWSLunch.app */;
			productType = "com.apple.product-type.application";
		};
		4921F7D91AD61C870019ECF0 /* TWSLunchTests */ = {
			isa = PBXNativeTarget;
			buildConfigurationList = 4921F7E71AD61C870019ECF0 /* Build configuration list for PBXNativeTarget "TWSLunchTests" */;
			buildPhases = (
				4921F7D61AD61C870019ECF0 /* Sources */,
				4921F7D71AD61C870019ECF0 /* Frameworks */,
				4921F7D81AD61C870019ECF0 /* Resources */,
			);
			buildRules = (
			);
			dependencies = (
				4921F7DC1AD61C870019ECF0 /* PBXTargetDependency */,
			);
			name = TWSLunchTests;
			productName = TWSLunchTests;
			productReference = 4921F7DA1AD61C870019ECF0 /* TWSLunchTests.xctest */;
			productType = "com.apple.product-type.bundle.unit-test";
		};
/* End PBXNativeTarget section */

/* Begin PBXProject section */
		4921F7B61AD61C870019ECF0 /* Project object */ = {
			isa = PBXProject;
			attributes = {
				LastUpgradeCheck = 0620;
				ORGANIZATIONNAME = "Golden Dog Productions";
				TargetAttributes = {
					4921F7BD1AD61C870019ECF0 = {
						CreatedOnToolsVersion = 6.2;
					};
					4921F7D91AD61C870019ECF0 = {
						CreatedOnToolsVersion = 6.2;
						TestTargetID = 4921F7BD1AD61C870019ECF0;
					};
				};
			};
			buildConfigurationList = 4921F7B91AD61C870019ECF0 /* Build configuration list for PBXProject "TWSLunch" */;
			compatibilityVersion = "Xcode 3.2";
			developmentRegion = English;
			hasScannedForEncodings = 0;
			knownRegions = (
				en,
				Base,
			);
			mainGroup = 4921F7B51AD61C870019ECF0;
			productRefGroup = 4921F7BF1AD61C870019ECF0 /* Products */;
			projectDirPath = "";
			projectRoot = "";
			targets = (
				4921F7BD1AD61C870019ECF0 /* TWSLunch */,
				4921F7D91AD61C870019ECF0 /* TWSLunchTests */,
			);
		};
/* End PBXProject section */

/* Begin PBXResourcesBuildPhase section */
		4921F7BC1AD61C870019ECF0 /* Resources */ = {
			isa = PBXResourcesBuildPhase;
			buildActionMask = 2147483647;
			files = (
				4921F7D01AD61C870019ECF0 /* Main.storyboard in Resources */,
				4921F7D51AD61C870019ECF0 /* LaunchScreen.xib in Resources */,
				4921F7D21AD61C870019ECF0 /* Images.xcassets in Resources */,
			);
			runOnlyForDeploymentPostprocessing = 0;
		};
		4921F7D81AD61C870019ECF0 /* Resources */ = {
			isa = PBXResourcesBuildPhase;
			buildActionMask = 2147483647;
			files = (
			);
			runOnlyForDeploymentPostprocessing = 0;
		};
/* End PBXResourcesBuildPhase section */

/* Begin PBXSourcesBuildPhase section */
		4921F7BA1AD61C870019ECF0 /* Sources */ = {
			isa = PBXSourcesBuildPhase;
			buildActionMask = 2147483647;
			files = (
				4921F7CD1AD61C870019ECF0 /* SecondViewController.m in Sources */,
				4921F7C71AD61C870019ECF0 /* AppDelegate.m in Sources */,
				4921F7CA1AD61C870019ECF0 /* FirstViewController.m in Sources */,
				4921F7C41AD61C870019ECF0 /* main.m in Sources */,
			);
			runOnlyForDeploymentPostprocessing = 0;
		};
		4921F7D61AD61C870019ECF0 /* Sources */ = {
			isa = PBXSourcesBuildPhase;
			buildActionMask = 2147483647;
			files = (
				4921F7E11AD61C870019ECF0 /* TWSLunchTests.m in Sources */,
			);
			runOnlyForDeploymentPostprocessing = 0;
		};
/* End PBXSourcesBuildPhase section */

/* Begin PBXTargetDependency section */
		4921F7DC1AD61C870019ECF0 /* PBXTargetDependency */ = {
			isa = PBXTargetDependency;
			target = 4921F7BD1AD61C870019ECF0 /* TWSLunch */;
			targetProxy = 4921F7DB1AD61C870019ECF0 /* PBXContainerItemProxy */;
		};
/* End PBXTargetDependency section */

/* Begin PBXVariantGroup section */
		4921F7CE1AD61C870019ECF0 /* Main.storyboard */ = {
			isa = PBXVariantGroup;
			children = (
				4921F7CF1AD61C870019ECF0 /* Base */,
			);
			name = Main.storyboard;
			sourceTree = "<group>";
		};
		4921F7D31AD61C870019ECF0 /* LaunchScreen.xib */ = {
			isa = PBXVariantGroup;
			children = (
				4921F7D41AD61C870019ECF0 /* Base */,
			);
			name = LaunchScreen.xib;
			sourceTree = "<group>";
		};
/* End PBXVariantGroup section */

/* Begin XCBuildConfiguration section */
		4921F7E21AD61C870019ECF0 /* Debug */ = {
			isa = XCBuildConfiguration;
			buildSettings = {
				ALWAYS_SEARCH_USER_PATHS = NO;
				CLANG_CXX_LANGUAGE_STANDARD = "gnu++0x";
				CLANG_CXX_LIBRARY = "libc++";
				CLANG_ENABLE_MODULES = YES;
				CLANG_ENABLE_OBJC_ARC = YES;
				CLANG_WARN_BOOL_CONVERSION = YES;
				CLANG_WARN_CONSTANT_CONVERSION = YES;
				CLANG_WARN_DIRECT_OBJC_ISA_USAGE = YES_ERROR;
				CLANG_WARN_EMPTY_BODY = YES;
				CLANG_WARN_ENUM_CONVERSION = YES;
				CLANG_WARN_INT_CONVERSION = YES;
				CLANG_WARN_OBJC_ROOT_CLASS = YES_ERROR;
				CLANG_WARN_UNREACHABLE_CODE = YES;
				CLANG_WARN__DUPLICATE_METHOD_MATCH = YES;
				"CODE_SIGN_IDENTITY[sdk=iphoneos*]" = "iPhone Developer";
				COPY_PHASE_STRIP = NO;
				ENABLE_STRICT_OBJC_MSGSEND = YES;
				GCC_C_LANGUAGE_STANDARD = gnu99;
				GCC_DYNAMIC_NO_PIC = NO;
				GCC_OPTIMIZATION_LEVEL = 0;
				GCC_PREPROCESSOR_DEFINITIONS = (
					"DEBUG=1",
					"$(inherited)",
				);
				GCC_SYMBOLS_PRIVATE_EXTERN = NO;
				GCC_WARN_64_TO_32_BIT_CONVERSION = YES;
				GCC_WARN_ABOUT_RETURN_TYPE = YES_ERROR;
				GCC_WARN_UNDECLARED_SELECTOR = YES;
				GCC_WARN_UNINITIALIZED_AUTOS = YES_AGGRESSIVE;
				GCC_WARN_UNUSED_FUNCTION = YES;
				GCC_WARN_UNUSED_VARIABLE = YES;
				IPHONEOS_DEPLOYMENT_TARGET = 8.2;
				MTL_ENABLE_DEBUG_INFO = YES;
				ONLY_ACTIVE_ARCH = YES;
				SDKROOT = iphoneos;
			};
			name = Debug;
		};
		4921F7E31AD61C870019ECF0 /* Release */ = {
			isa = XCBuildConfiguration;
			buildSettings = {
				ALWAYS_SEARCH_USER_PATHS = NO;
				CLANG_CXX_LANGUAGE_STANDARD = "gnu++0x";
				CLANG_CXX_LIBRARY = "libc++";
				CLANG_ENABLE_MODULES = YES;
				CLANG_ENABLE_OBJC_ARC = YES;
				CLANG_WARN_BOOL_CONVERSION = YES;
				CLANG_WARN_CONSTANT_CONVERSION = YES;
				CLANG_WARN_DIRECT_OBJC_ISA_USAGE = YES_ERROR;
				CLANG_WARN_EMPTY_BODY = YES;
				CLANG_WARN_ENUM_CONVERSION = YES;
				CLANG_WARN_INT_CONVERSION = YES;
				CLANG_WARN_OBJC_ROOT_CLASS = YES_ERROR;
				CLANG_WARN_UNREACHABLE_CODE = YES;
				CLANG_WARN__DUPLICATE_METHOD_MATCH = YES;
				"CODE_SIGN_IDENTITY[sdk=iphoneos*]" = "iPhone Developer";
				COPY_PHASE_STRIP = NO;
				ENABLE_NS_ASSERTIONS = NO;
				ENABLE_STRICT_OBJC_MSGSEND = YES;
				GCC_C_LANGUAGE_STANDARD = gnu99;
				GCC_WARN_64_TO_32_BIT_CONVERSION = YES;
				GCC_WARN_ABOUT_RETURN_TYPE = YES_ERROR;
				GCC_WARN_UNDECLARED_SELECTOR = YES;
				GCC_WARN_UNINITIALIZED_AUTOS = YES_AGGRESSIVE;
				GCC_WARN_UNUSED_FUNCTION = YES;
				GCC_WARN_UNUSED_VARIABLE = YES;
				IPHONEOS_DEPLOYMENT_TARGET = 8.2;
				MTL_ENABLE_DEBUG_INFO = NO;
				SDKROOT = iphoneos;
				VALIDATE_PRODUCT = YES;
			};
			name = Release;
		};
		4921F7E51AD61C870019ECF0 /* Debug */ = {
			isa = XCBuildConfiguration;
			buildSettings = {
				ASSETCATALOG_COMPILER_APPICON_NAME = AppIcon;
				INFOPLIST_FILE = TWSLunch/Info.plist;
				LD_RUNPATH_SEARCH_PATHS = "$(inherited) @executable_path/Frameworks";
				PRODUCT_NAME = "$(TARGET_NAME)";
			};
			name = Debug;
		};
		4921F7E61AD61C870019ECF0 /* Release */ = {
			isa = XCBuildConfiguration;
			buildSettings = {
				ASSETCATALOG_COMPILER_APPICON_NAME = AppIcon;
				INFOPLIST_FILE = TWSLunch/Info.plist;
				LD_RUNPATH_SEARCH_PATHS = "$(inherited) @executable_path/Frameworks";
				PRODUCT_NAME = "$(TARGET_NAME)";
			};
			name = Release;
		};
		4921F7E81AD61C870019ECF0 /* Debug */ = {
			isa = XCBuildConfiguration;
			buildSettings = {
				BUNDLE_LOADER = "$(TEST_HOST)";
				FRAMEWORK_SEARCH_PATHS = (
					"$(SDKROOT)/Developer/Library/Frameworks",
					"$(inherited)",
				);
				GCC_PREPROCESSOR_DEFINITIONS = (
					"DEBUG=1",
					"$(inherited)",
				);
				INFOPLIST_FILE = TWSLunchTests/Info.plist;
				LD_RUNPATH_SEARCH_PATHS = "$(inherited) @executable_path/Frameworks @loader_path/Frameworks";
				PRODUCT_NAME = "$(TARGET_NAME)";
				TEST_HOST = "$(BUILT_PRODUCTS_DIR)/TWSLunch.app/TWSLunch";
			};
			name = Debug;
		};
		4921F7E91AD61C870019ECF0 /* Release */ = {
			isa = XCBuildConfiguration;
			buildSettings = {
				BUNDLE_LOADER = "$(TEST_HOST)";
				FRAMEWORK_SEARCH_PATHS = (
					"$(SDKROOT)/Developer/Library/Frameworks",
					"$(inherited)",
				);
				INFOPLIST_FILE = TWSLunchTests/Info.plist;
				LD_RUNPATH_SEARCH_PATHS = "$(inherited) @executable_path/Frameworks @loader_path/Frameworks";
				PRODUCT_NAME = "$(TARGET_NAME)";
				TEST_HOST = "$(BUILT_PRODUCTS_DIR)/TWSLunch.app/TWSLunch";
			};
			name = Release;
		};
/* End XCBuildConfiguration section */

/* Begin XCConfigurationList section */
		4921F7B91AD61C870019ECF0 /* Build configuration list for PBXProject "TWSLunch" */ = {
			isa = XCConfigurationList;
			buildConfigurations = (
				4921F7E21AD61C870019ECF0 /* Debug */,
				4921F7E31AD61C870019ECF0 /* Release */,
			);
			defaultConfigurationIsVisible = 0;
			defaultConfigurationName = Release;
		};
		4921F7E41AD61C870019ECF0 /* Build configuration list for PBXNativeTarget "TWSLunch" */ = {
			isa = XCConfigurationList;
			buildConfigurations = (
				4921F7E51AD61C870019ECF0 /* Debug */,
				4921F7E61AD61C870019ECF0 /* Release */,
			);
			defaultConfigurationIsVisible = 0;
		};
		4921F7E71AD61C870019ECF0 /* Build configuration list for PBXNativeTarget "TWSLunchTests" */ = {
			isa = XCConfigurationList;
			buildConfigurations = (
				4921F7E81AD61C870019ECF0 /* Debug */,
				4921F7E91AD61C870019ECF0 /* Release */,
			);
			defaultConfigurationIsVisible = 0;
		};
/* End XCConfigurationList section */
	};
	rootObject = 4921F7B61AD61C870019ECF0 /* Project object */;
}
